// !$*UTF8*$!
{
	archiveVersion = 1;
	classes = {
	};
	objectVersion = 46;
	objects = {

/* Begin PBXBuildFile section */
		2DF1179A1A88160800B1DE2B /* logs.c in Sources */ = {isa = PBXBuildFile; fileRef = 2DF1178B1A88160800B1DE2B /* logs.c */; };
		2DF1179B1A88160800B1DE2B /* main.cpp in Sources */ = {isa = PBXBuildFile; fileRef = 2DF1178C1A88160800B1DE2B /* main.cpp */; };
		2DF1179C1A88160800B1DE2B /* controls.cpp in Sources */ = {isa = PBXBuildFile; fileRef = 2DF1178E1A88160800B1DE2B /* controls.cpp */; };
		2DF1179D1A88160800B1DE2B /* mouse_and_keyboard.cpp in Sources */ = {isa = PBXBuildFile; fileRef = 2DF1178F1A88160800B1DE2B /* mouse_and_keyboard.cpp */; };
		2DF1179E1A88160800B1DE2B /* physics.cpp in Sources */ = {isa = PBXBuildFile; fileRef = 2DF117901A88160800B1DE2B /* physics.cpp */; };
		2DF1179F1A88160800B1DE2B /* planet.cpp in Sources */ = {isa = PBXBuildFile; fileRef = 2DF117911A88160800B1DE2B /* planet.cpp */; };
		2DF117A01A88160800B1DE2B /* simplespace.cpp in Sources */ = {isa = PBXBuildFile; fileRef = 2DF117921A88160800B1DE2B /* simplespace.cpp */; };
		2DF117A11A88160800B1DE2B /* timer.cpp in Sources */ = {isa = PBXBuildFile; fileRef = 2DF117941A88160800B1DE2B /* timer.cpp */; };
		2DFD534F1AE810A000A86297 /* FpsCounter.cpp in Sources */ = {isa = PBXBuildFile; fileRef = 2DFD534C1AE8109F00A86297 /* FpsCounter.cpp */; };
		2DFD53501AE810A000A86297 /* osWrappers.c in Sources */ = {isa = PBXBuildFile; fileRef = 2DFD534D1AE810A000A86297 /* osWrappers.c */; };
		2DFD53511AE810A000A86297 /* Stopwatch.cpp in Sources */ = {isa = PBXBuildFile; fileRef = 2DFD534E1AE810A000A86297 /* Stopwatch.cpp */; };
		E7131B3E16CC3AFA00B1A51B /* OpenGL.framework in Frameworks */ = {isa = PBXBuildFile; fileRef = E7131B3D16CC3AFA00B1A51B /* OpenGL.framework */; };
		E7131B4116CC3ECD00B1A51B /* GLUT.framework in Frameworks */ = {isa = PBXBuildFile; fileRef = E7131B4016CC3ECD00B1A51B /* GLUT.framework */; };
/* End PBXBuildFile section */

/* Begin PBXCopyFilesBuildPhase section */
		E7D84C1216C30D25000EF9B6 /* CopyFiles */ = {
			isa = PBXCopyFilesBuildPhase;
			buildActionMask = 2147483647;
			dstPath = /usr/share/man/man1/;
			dstSubfolderSpec = 0;
			files = (
			);
			runOnlyForDeploymentPostprocessing = 1;
		};
/* End PBXCopyFilesBuildPhase section */

/* Begin PBXFileReference section */
		2DF117791A8815EF00B1DE2B /* logs.h */ = {isa = PBXFileReference; fileEncoding = 4; lastKnownFileType = sourcecode.c.h; path = logs.h; sourceTree = "<group>"; };
		2DF1177B1A8815EF00B1DE2B /* phys_templates.h */ = {isa = PBXFileReference; fileEncoding = 4; lastKnownFileType = sourcecode.c.h; path = phys_templates.h; sourceTree = "<group>"; };
		2DF1177D1A8815EF00B1DE2B /* controls.h */ = {isa = PBXFileReference; fileEncoding = 4; lastKnownFileType = sourcecode.c.h; path = controls.h; sourceTree = "<group>"; };
		2DF1177E1A8815EF00B1DE2B /* mouse_and_keyboard.h */ = {isa = PBXFileReference; fileEncoding = 4; lastKnownFileType = sourcecode.c.h; path = mouse_and_keyboard.h; sourceTree = "<group>"; };
		2DF1177F1A8815EF00B1DE2B /* physics.h */ = {isa = PBXFileReference; fileEncoding = 4; lastKnownFileType = sourcecode.c.h; path = physics.h; sourceTree = "<group>"; };
		2DF117801A8815EF00B1DE2B /* planet.h */ = {isa = PBXFileReference; fileEncoding = 4; lastKnownFileType = sourcecode.c.h; path = planet.h; sourceTree = "<group>"; };
		2DF117811A8815EF00B1DE2B /* simplespace.h */ = {isa = PBXFileReference; fileEncoding = 4; lastKnownFileType = sourcecode.c.h; path = simplespace.h; sourceTree = "<group>"; };
		2DF117831A8815EF00B1DE2B /* timer.h */ = {isa = PBXFileReference; fileEncoding = 4; lastKnownFileType = sourcecode.c.h; path = timer.h; sourceTree = "<group>"; };
		2DF1178B1A88160800B1DE2B /* logs.c */ = {isa = PBXFileReference; fileEncoding = 4; lastKnownFileType = sourcecode.c.c; path = logs.c; sourceTree = "<group>"; };
		2DF1178C1A88160800B1DE2B /* main.cpp */ = {isa = PBXFileReference; fileEncoding = 4; lastKnownFileType = sourcecode.cpp.cpp; name = main.cpp; path = src/main.cpp; sourceTree = "<group>"; };
		2DF1178E1A88160800B1DE2B /* controls.cpp */ = {isa = PBXFileReference; fileEncoding = 4; lastKnownFileType = sourcecode.cpp.cpp; path = controls.cpp; sourceTree = "<group>"; };
		2DF1178F1A88160800B1DE2B /* mouse_and_keyboard.cpp */ = {isa = PBXFileReference; fileEncoding = 4; lastKnownFileType = sourcecode.cpp.cpp; path = mouse_and_keyboard.cpp; sourceTree = "<group>"; };
		2DF117901A88160800B1DE2B /* physics.cpp */ = {isa = PBXFileReference; fileEncoding = 4; lastKnownFileType = sourcecode.cpp.cpp; path = physics.cpp; sourceTree = "<group>"; };
		2DF117911A88160800B1DE2B /* planet.cpp */ = {isa = PBXFileReference; fileEncoding = 4; lastKnownFileType = sourcecode.cpp.cpp; path = planet.cpp; sourceTree = "<group>"; };
		2DF117921A88160800B1DE2B /* simplespace.cpp */ = {isa = PBXFileReference; fileEncoding = 4; lastKnownFileType = sourcecode.cpp.cpp; path = simplespace.cpp; sourceTree = "<group>"; };
		2DF117941A88160800B1DE2B /* timer.cpp */ = {isa = PBXFileReference; fileEncoding = 4; lastKnownFileType = sourcecode.cpp.cpp; path = timer.cpp; sourceTree = "<group>"; };
		2DFD53491AE8107700A86297 /* FpsCounter.h */ = {isa = PBXFileReference; fileEncoding = 4; lastKnownFileType = sourcecode.c.h; path = FpsCounter.h; sourceTree = "<group>"; };
		2DFD534A1AE8107700A86297 /* osWrappers.h */ = {isa = PBXFileReference; fileEncoding = 4; lastKnownFileType = sourcecode.c.h; path = osWrappers.h; sourceTree = "<group>"; };
		2DFD534B1AE8107700A86297 /* Stopwatch.h */ = {isa = PBXFileReference; fileEncoding = 4; lastKnownFileType = sourcecode.c.h; path = Stopwatch.h; sourceTree = "<group>"; };
		2DFD534C1AE8109F00A86297 /* FpsCounter.cpp */ = {isa = PBXFileReference; fileEncoding = 4; lastKnownFileType = sourcecode.cpp.cpp; path = FpsCounter.cpp; sourceTree = "<group>"; };
		2DFD534D1AE810A000A86297 /* osWrappers.c */ = {isa = PBXFileReference; fileEncoding = 4; lastKnownFileType = sourcecode.c.c; path = osWrappers.c; sourceTree = "<group>"; };
		2DFD534E1AE810A000A86297 /* Stopwatch.cpp */ = {isa = PBXFileReference; fileEncoding = 4; lastKnownFileType = sourcecode.cpp.cpp; path = Stopwatch.cpp; sourceTree = "<group>"; };
		E7131B3D16CC3AFA00B1A51B /* OpenGL.framework */ = {isa = PBXFileReference; lastKnownFileType = wrapper.framework; name = OpenGL.framework; path = System/Library/Frameworks/OpenGL.framework; sourceTree = SDKROOT; };
		E7131B4016CC3ECD00B1A51B /* GLUT.framework */ = {isa = PBXFileReference; lastKnownFileType = wrapper.framework; name = GLUT.framework; path = System/Library/Frameworks/GLUT.framework; sourceTree = SDKROOT; };
		E7B5189A16C31226001212E3 /* README.md */ = {isa = PBXFileReference; fileEncoding = 4; lastKnownFileType = text; path = README.md; sourceTree = "<group>"; };
		E7B5189B16C31226001212E3 /* simple_space.1 */ = {isa = PBXFileReference; fileEncoding = 4; lastKnownFileType = text.man; path = simple_space.1; sourceTree = "<group>"; };
		E7D84C1416C30D25000EF9B6 /* simple-space */ = {isa = PBXFileReference; explicitFileType = "compiled.mach-o.executable"; includeInIndex = 0; path = "simple-space"; sourceTree = BUILT_PRODUCTS_DIR; };
/* End PBXFileReference section */

/* Begin PBXFrameworksBuildPhase section */
		E7D84C1116C30D25000EF9B6 /* Frameworks */ = {
			isa = PBXFrameworksBuildPhase;
			buildActionMask = 2147483647;
			files = (
				E7131B4116CC3ECD00B1A51B /* GLUT.framework in Frameworks */,
				E7131B3E16CC3AFA00B1A51B /* OpenGL.framework in Frameworks */,
			);
			runOnlyForDeploymentPostprocessing = 0;
		};
/* End PBXFrameworksBuildPhase section */

/* Begin PBXGroup section */
		2DF117761A88154C00B1DE2B /* src */ = {
			isa = PBXGroup;
			children = (
				2DF1178C1A88160800B1DE2B /* main.cpp */,
				2DF1178A1A88160800B1DE2B /* logs */,
				2DF1178D1A88160800B1DE2B /* simplespace */,
				2DF117931A88160800B1DE2B /* wrappers */,
			);
			name = src;
			sourceTree = "<group>";
		};
		2DF117771A88155400B1DE2B /* inc */ = {
			isa = PBXGroup;
			children = (
				2DF117781A8815EF00B1DE2B /* logs */,
				2DF1177A1A8815EF00B1DE2B /* misc */,
				2DF1177C1A8815EF00B1DE2B /* simplespace */,
				2DF117821A8815EF00B1DE2B /* wrappers */,
			);
			name = inc;
			sourceTree = "<group>";
		};
		2DF117781A8815EF00B1DE2B /* logs */ = {
			isa = PBXGroup;
			children = (
				2DF117791A8815EF00B1DE2B /* logs.h */,
			);
			name = logs;
			path = inc/logs;
			sourceTree = "<group>";
		};
		2DF1177A1A8815EF00B1DE2B /* misc */ = {
			isa = PBXGroup;
			children = (
				2DF1177B1A8815EF00B1DE2B /* phys_templates.h */,
			);
			name = misc;
			path = inc/misc;
			sourceTree = "<group>";
		};
		2DF1177C1A8815EF00B1DE2B /* simplespace */ = {
			isa = PBXGroup;
			children = (
				2DF1177D1A8815EF00B1DE2B /* controls.h */,
				2DF1177E1A8815EF00B1DE2B /* mouse_and_keyboard.h */,
				2DF1177F1A8815EF00B1DE2B /* physics.h */,
				2DF117801A8815EF00B1DE2B /* planet.h */,
				2DF117811A8815EF00B1DE2B /* simplespace.h */,
			);
			name = simplespace;
			path = inc/simplespace;
			sourceTree = "<group>";
		};
		2DF117821A8815EF00B1DE2B /* wrappers */ = {
			isa = PBXGroup;
			children = (
				2DFD53491AE8107700A86297 /* FpsCounter.h */,
				2DFD534A1AE8107700A86297 /* osWrappers.h */,
				2DFD534B1AE8107700A86297 /* Stopwatch.h */,
				2DF117831A8815EF00B1DE2B /* timer.h */,
			);
			name = wrappers;
			path = inc/wrappers;
			sourceTree = "<group>";
		};
		2DF1178A1A88160800B1DE2B /* logs */ = {
			isa = PBXGroup;
			children = (
				2DF1178B1A88160800B1DE2B /* logs.c */,
			);
			name = logs;
			path = src/logs;
			sourceTree = "<group>";
		};
		2DF1178D1A88160800B1DE2B /* simplespace */ = {
			isa = PBXGroup;
			children = (
				2DF1178E1A88160800B1DE2B /* controls.cpp */,
				2DF1178F1A88160800B1DE2B /* mouse_and_keyboard.cpp */,
				2DF117901A88160800B1DE2B /* physics.cpp */,
				2DF117911A88160800B1DE2B /* planet.cpp */,
				2DF117921A88160800B1DE2B /* simplespace.cpp */,
			);
			name = simplespace;
			path = src/simplespace;
			sourceTree = "<group>";
		};
		2DF117931A88160800B1DE2B /* wrappers */ = {
			isa = PBXGroup;
			children = (
				2DFD534C1AE8109F00A86297 /* FpsCounter.cpp */,
				2DFD534D1AE810A000A86297 /* osWrappers.c */,
				2DFD534E1AE810A000A86297 /* Stopwatch.cpp */,
				2DF117941A88160800B1DE2B /* timer.cpp */,
			);
			name = wrappers;
			path = src/wrappers;
			sourceTree = "<group>";
		};
		E7131B3F16CC3B1800B1A51B /* frameworks */ = {
			isa = PBXGroup;
			children = (
				E7131B4016CC3ECD00B1A51B /* GLUT.framework */,
				E7131B3D16CC3AFA00B1A51B /* OpenGL.framework */,
			);
			name = frameworks;
			sourceTree = "<group>";
		};
		E7D84C0B16C30D25000EF9B6 = {
			isa = PBXGroup;
			children = (
				2DF117771A88155400B1DE2B /* inc */,
				2DF117761A88154C00B1DE2B /* src */,
				E7B5189A16C31226001212E3 /* README.md */,
				E7B5189B16C31226001212E3 /* simple_space.1 */,
				E7131B3F16CC3B1800B1A51B /* frameworks */,
				E7D84C1516C30D25000EF9B6 /* Products */,
			);
			sourceTree = "<group>";
		};
		E7D84C1516C30D25000EF9B6 /* Products */ = {
			isa = PBXGroup;
			children = (
				E7D84C1416C30D25000EF9B6 /* simple-space */,
			);
			name = Products;
			sourceTree = "<group>";
		};
/* End PBXGroup section */

/* Begin PBXNativeTarget section */
		E7D84C1316C30D25000EF9B6 /* simple-space */ = {
			isa = PBXNativeTarget;
			buildConfigurationList = E7D84C1D16C30D25000EF9B6 /* Build configuration list for PBXNativeTarget "simple-space" */;
			buildPhases = (
				E7D84C1016C30D25000EF9B6 /* Sources */,
				E7D84C1116C30D25000EF9B6 /* Frameworks */,
				E7D84C1216C30D25000EF9B6 /* CopyFiles */,
			);
			buildRules = (
			);
			dependencies = (
			);
			name = "simple-space";
			productName = "simple-space";
			productReference = E7D84C1416C30D25000EF9B6 /* simple-space */;
			productType = "com.apple.product-type.tool";
		};
/* End PBXNativeTarget section */

/* Begin PBXProject section */
		E7D84C0C16C30D25000EF9B6 /* Project object */ = {
			isa = PBXProject;
			attributes = {
				LastUpgradeCheck = 0500;
				ORGANIZATIONNAME = "Vladimir Frolov";
			};
			buildConfigurationList = E7D84C0F16C30D25000EF9B6 /* Build configuration list for PBXProject "simple-space" */;
			compatibilityVersion = "Xcode 3.2";
			developmentRegion = English;
			hasScannedForEncodings = 0;
			knownRegions = (
				en,
			);
			mainGroup = E7D84C0B16C30D25000EF9B6;
			productRefGroup = E7D84C1516C30D25000EF9B6 /* Products */;
			projectDirPath = "";
			projectRoot = "";
			targets = (
				E7D84C1316C30D25000EF9B6 /* simple-space */,
			);
		};
/* End PBXProject section */

/* Begin PBXSourcesBuildPhase section */
		E7D84C1016C30D25000EF9B6 /* Sources */ = {
			isa = PBXSourcesBuildPhase;
			buildActionMask = 2147483647;
			files = (
				2DFD534F1AE810A000A86297 /* FpsCounter.cpp in Sources */,
				2DFD53501AE810A000A86297 /* osWrappers.c in Sources */,
				2DF1179C1A88160800B1DE2B /* controls.cpp in Sources */,
				2DF117A11A88160800B1DE2B /* timer.cpp in Sources */,
				2DF117A01A88160800B1DE2B /* simplespace.cpp in Sources */,
				2DF1179A1A88160800B1DE2B /* logs.c in Sources */,
				2DF1179D1A88160800B1DE2B /* mouse_and_keyboard.cpp in Sources */,
				2DF1179F1A88160800B1DE2B /* planet.cpp in Sources */,
				2DFD53511AE810A000A86297 /* Stopwatch.cpp in Sources */,
				2DF1179E1A88160800B1DE2B /* physics.cpp in Sources */,
				2DF1179B1A88160800B1DE2B /* main.cpp in Sources */,
			);
			runOnlyForDeploymentPostprocessing = 0;
		};
/* End PBXSourcesBuildPhase section */

/* Begin XCBuildConfiguration section */
		E7D84C1B16C30D25000EF9B6 /* Debug */ = {
			isa = XCBuildConfiguration;
			buildSettings = {
				ALWAYS_SEARCH_USER_PATHS = NO;
				CLANG_CXX_LANGUAGE_STANDARD = "gnu++0x";
				CLANG_CXX_LIBRARY = "libc++";
				CLANG_WARN_CONSTANT_CONVERSION = YES;
				CLANG_WARN_EMPTY_BODY = YES;
				CLANG_WARN_ENUM_CONVERSION = YES;
				CLANG_WARN_INT_CONVERSION = YES;
				CLANG_WARN__DUPLICATE_METHOD_MATCH = YES;
				COPY_PHASE_STRIP = NO;
				GCC_C_LANGUAGE_STANDARD = gnu99;
				GCC_DYNAMIC_NO_PIC = NO;
				GCC_ENABLE_OBJC_EXCEPTIONS = YES;
				GCC_OPTIMIZATION_LEVEL = 0;
				GCC_PREPROCESSOR_DEFINITIONS = (
					"DEBUG=1",
					"$(inherited)",
				);
				GCC_SYMBOLS_PRIVATE_EXTERN = NO;
				GCC_WARN_64_TO_32_BIT_CONVERSION = YES;
				GCC_WARN_ABOUT_RETURN_TYPE = YES;
				GCC_WARN_UNINITIALIZED_AUTOS = YES;
				GCC_WARN_UNUSED_VARIABLE = YES;
				MACOSX_DEPLOYMENT_TARGET = 10.8;
				ONLY_ACTIVE_ARCH = YES;
				SDKROOT = macosx;
			};
			name = Debug;
		};
		E7D84C1C16C30D25000EF9B6 /* Release */ = {
			isa = XCBuildConfiguration;
			buildSettings = {
				ALWAYS_SEARCH_USER_PATHS = NO;
				CLANG_CXX_LANGUAGE_STANDARD = "gnu++0x";
				CLANG_CXX_LIBRARY = "libc++";
				CLANG_WARN_CONSTANT_CONVERSION = YES;
				CLANG_WARN_EMPTY_BODY = YES;
				CLANG_WARN_ENUM_CONVERSION = YES;
				CLANG_WARN_INT_CONVERSION = YES;
				CLANG_WARN__DUPLICATE_METHOD_MATCH = YES;
				COPY_PHASE_STRIP = YES;
				DEBUG_INFORMATION_FORMAT = "dwarf-with-dsym";
				GCC_C_LANGUAGE_STANDARD = gnu99;
				GCC_ENABLE_OBJC_EXCEPTIONS = YES;
				GCC_WARN_64_TO_32_BIT_CONVERSION = YES;
				GCC_WARN_ABOUT_RETURN_TYPE = YES;
				GCC_WARN_UNINITIALIZED_AUTOS = YES;
				GCC_WARN_UNUSED_VARIABLE = YES;
				MACOSX_DEPLOYMENT_TARGET = 10.8;
				SDKROOT = macosx;
			};
			name = Release;
		};
		E7D84C1E16C30D25000EF9B6 /* Debug */ = {
			isa = XCBuildConfiguration;
			buildSettings = {
				HEADER_SEARCH_PATHS = (
					/usr/local/include,
					/usr/local/include/freetype2,
					/opt/X11/include,
				);
				LIBRARY_SEARCH_PATHS = (
					/usr/local/lib,
					/opt/X11/lib,
				);
				OTHER_LDFLAGS = (
					"-lfreetype",
					"-lz",
					"-lbz2",
				);
				PRODUCT_NAME = "$(TARGET_NAME)";
			};
			name = Debug;
		};
		E7D84C1F16C30D25000EF9B6 /* Release */ = {
			isa = XCBuildConfiguration;
			buildSettings = {
				HEADER_SEARCH_PATHS = (
					/usr/local/include,
					/usr/local/include/freetype2,
					/opt/X11/include,
				);
				LIBRARY_SEARCH_PATHS = (
					/usr/local/lib,
					/opt/X11/lib,
				);
				OTHER_LDFLAGS = (
					"-lfreetype",
					"-lz",
					"-lbz2",
				);
				PRODUCT_NAME = "$(TARGET_NAME)";
			};
			name = Release;
		};
/* End XCBuildConfiguration section */

/* Begin XCConfigurationList section */
		E7D84C0F16C30D25000EF9B6 /* Build configuration list for PBXProject "simple-space" */ = {
			isa = XCConfigurationList;
			buildConfigurations = (
				E7D84C1B16C30D25000EF9B6 /* Debug */,
				E7D84C1C16C30D25000EF9B6 /* Release */,
			);
			defaultConfigurationIsVisible = 0;
			defaultConfigurationName = Release;
		};
		E7D84C1D16C30D25000EF9B6 /* Build configuration list for PBXNativeTarget "simple-space" */ = {
			isa = XCConfigurationList;
			buildConfigurations = (
				E7D84C1E16C30D25000EF9B6 /* Debug */,
				E7D84C1F16C30D25000EF9B6 /* Release */,
			);
			defaultConfigurationIsVisible = 0;
			defaultConfigurationName = Release;
		};
/* End XCConfigurationList section */
	};
	rootObject = E7D84C0C16C30D25000EF9B6 /* Project object */;
}
